// !$*UTF8*$!
{
	archiveVersion = 1;
	classes = {
	};
	objectVersion = 46;
	objects = {

/* Begin PBXBuildFile section */
		D9B17B511C8DC73800C9DD93 /* main.m in Sources */ = {isa = PBXBuildFile; fileRef = D9B17B501C8DC73800C9DD93 /* main.m */; };
		D9B17B541C8DC73800C9DD93 /* AppDelegate.m in Sources */ = {isa = PBXBuildFile; fileRef = D9B17B531C8DC73800C9DD93 /* AppDelegate.m */; };
		D9B17B571C8DC73800C9DD93 /* ViewController.m in Sources */ = {isa = PBXBuildFile; fileRef = D9B17B561C8DC73800C9DD93 /* ViewController.m */; };
		D9B17B5A1C8DC73800C9DD93 /* Main.storyboard in Resources */ = {isa = PBXBuildFile; fileRef = D9B17B581C8DC73800C9DD93 /* Main.storyboard */; };
		D9B17B5C1C8DC73800C9DD93 /* Assets.xcassets in Resources */ = {isa = PBXBuildFile; fileRef = D9B17B5B1C8DC73800C9DD93 /* Assets.xcassets */; };
		D9B17B5F1C8DC73800C9DD93 /* LaunchScreen.storyboard in Resources */ = {isa = PBXBuildFile; fileRef = D9B17B5D1C8DC73800C9DD93 /* LaunchScreen.storyboard */; };
		D9B17B6A1C8DC73800C9DD93 /* BigButtonDemoTests.m in Sources */ = {isa = PBXBuildFile; fileRef = D9B17B691C8DC73800C9DD93 /* BigButtonDemoTests.m */; };
		D9B17B751C8DC73800C9DD93 /* BigButtonDemoUITests.m in Sources */ = {isa = PBXBuildFile; fileRef = D9B17B741C8DC73800C9DD93 /* BigButtonDemoUITests.m */; };
/* End PBXBuildFile section */

/* Begin PBXContainerItemProxy section */
		D9B17B661C8DC73800C9DD93 /* PBXContainerItemProxy */ = {
			isa = PBXContainerItemProxy;
			containerPortal = D9B17B441C8DC73800C9DD93 /* Project object */;
			proxyType = 1;
			remoteGlobalIDString = D9B17B4B1C8DC73800C9DD93;
			remoteInfo = BigButtonDemo;
		};
		D9B17B711C8DC73800C9DD93 /* PBXContainerItemProxy */ = {
			isa = PBXContainerItemProxy;
			containerPortal = D9B17B441C8DC73800C9DD93 /* Project object */;
			proxyType = 1;
			remoteGlobalIDString = D9B17B4B1C8DC73800C9DD93;
			remoteInfo = BigButtonDemo;
		};
/* End PBXContainerItemProxy section */

/* Begin PBXFileReference section */
		D9B17B4C1C8DC73800C9DD93 /* BigButtonDemo.app */ = {isa = PBXFileReference; explicitFileType = wrapper.application; includeInIndex = 0; path = BigButtonDemo.app; sourceTree = BUILT_PRODUCTS_DIR; };
		D9B17B501C8DC73800C9DD93 /* main.m */ = {isa = PBXFileReference; lastKnownFileType = sourcecode.c.objc; path = main.m; sourceTree = "<group>"; };
		D9B17B521C8DC73800C9DD93 /* AppDelegate.h */ = {isa = PBXFileReference; lastKnownFileType = sourcecode.c.h; path = AppDelegate.h; sourceTree = "<group>"; };
		D9B17B531C8DC73800C9DD93 /* AppDelegate.m */ = {isa = PBXFileReference; lastKnownFileType = sourcecode.c.objc; path = AppDelegate.m; sourceTree = "<group>"; };
		D9B17B551C8DC73800C9DD93 /* ViewController.h */ = {isa = PBXFileReference; lastKnownFileType = sourcecode.c.h; path = ViewController.h; sourceTree = "<group>"; };
		D9B17B561C8DC73800C9DD93 /* ViewController.m */ = {isa = PBXFileReference; lastKnownFileType = sourcecode.c.objc; path = ViewController.m; sourceTree = "<group>"; };
		D9B17B591C8DC73800C9DD93 /* Base */ = {isa = PBXFileReference; lastKnownFileType = file.storyboard; name = Base; path = Base.lproj/Main.storyboard; sourceTree = "<group>"; };
		D9B17B5B1C8DC73800C9DD93 /* Assets.xcassets */ = {isa = PBXFileReference; lastKnownFileType = folder.assetcatalog; path = Assets.xcassets; sourceTree = "<group>"; };
		D9B17B5E1C8DC73800C9DD93 /* Base */ = {isa = PBXFileReference; lastKnownFileType = file.storyboard; name = Base; path = Base.lproj/LaunchScreen.storyboard; sourceTree = "<group>"; };
		D9B17B601C8DC73800C9DD93 /* Info.plist */ = {isa = PBXFileReference; lastKnownFileType = text.plist.xml; path = Info.plist; sourceTree = "<group>"; };
		D9B17B651C8DC73800C9DD93 /* BigButtonDemoTests.xctest */ = {isa = PBXFileReference; explicitFileType = wrapper.cfbundle; includeInIndex = 0; path = BigButtonDemoTests.xctest; sourceTree = BUILT_PRODUCTS_DIR; };
		D9B17B691C8DC73800C9DD93 /* BigButtonDemoTests.m */ = {isa = PBXFileReference; lastKnownFileType = sourcecode.c.objc; path = BigButtonDemoTests.m; sourceTree = "<group>"; };
		D9B17B6B1C8DC73800C9DD93 /* Info.plist */ = {isa = PBXFileReference; lastKnownFileType = text.plist.xml; path = Info.plist; sourceTree = "<group>"; };
		D9B17B701C8DC73800C9DD93 /* BigButtonDemoUITests.xctest */ = {isa = PBXFileReference; explicitFileType = wrapper.cfbundle; includeInIndex = 0; path = BigButtonDemoUITests.xctest; sourceTree = BUILT_PRODUCTS_DIR; };
		D9B17B741C8DC73800C9DD93 /* BigButtonDemoUITests.m */ = {isa = PBXFileReference; lastKnownFileType = sourcecode.c.objc; path = BigButtonDemoUITests.m; sourceTree = "<group>"; };
		D9B17B761C8DC73800C9DD93 /* Info.plist */ = {isa = PBXFileReference; lastKnownFileType = text.plist.xml; path = Info.plist; sourceTree = "<group>"; };
/* End PBXFileReference section */

/* Begin PBXFrameworksBuildPhase section */
		D9B17B491C8DC73800C9DD93 /* Frameworks */ = {
			isa = PBXFrameworksBuildPhase;
			buildActionMask = 2147483647;
			files = (
			);
			runOnlyForDeploymentPostprocessing = 0;
		};
		D9B17B621C8DC73800C9DD93 /* Frameworks */ = {
			isa = PBXFrameworksBuildPhase;
			buildActionMask = 2147483647;
			files = (
			);
			runOnlyForDeploymentPostprocessing = 0;
		};
		D9B17B6D1C8DC73800C9DD93 /* Frameworks */ = {
			isa = PBXFrameworksBuildPhase;
			buildActionMask = 2147483647;
			files = (
			);
			runOnlyForDeploymentPostprocessing = 0;
		};
/* End PBXFrameworksBuildPhase section */

/* Begin PBXGroup section */
		D9B17B431C8DC73800C9DD93 = {
			isa = PBXGroup;
			children = (
				D9B17B4E1C8DC73800C9DD93 /* BigButtonDemo */,
				D9B17B681C8DC73800C9DD93 /* BigButtonDemoTests */,
				D9B17B731C8DC73800C9DD93 /* BigButtonDemoUITests */,
				D9B17B4D1C8DC73800C9DD93 /* Products */,
			);
			sourceTree = "<group>";
		};
		D9B17B4D1C8DC73800C9DD93 /* Products */ = {
			isa = PBXGroup;
			children = (
				D9B17B4C1C8DC73800C9DD93 /* BigButtonDemo.app */,
				D9B17B651C8DC73800C9DD93 /* BigButtonDemoTests.xctest */,
				D9B17B701C8DC73800C9DD93 /* BigButtonDemoUITests.xctest */,
			);
			name = Products;
			sourceTree = "<group>";
		};
		D9B17B4E1C8DC73800C9DD93 /* BigButtonDemo */ = {
			isa = PBXGroup;
			children = (
				D9B17B521C8DC73800C9DD93 /* AppDelegate.h */,
				D9B17B531C8DC73800C9DD93 /* AppDelegate.m */,
				D9B17B551C8DC73800C9DD93 /* ViewController.h */,
				D9B17B561C8DC73800C9DD93 /* ViewController.m */,
				D9B17B581C8DC73800C9DD93 /* Main.storyboard */,
				D9B17B5B1C8DC73800C9DD93 /* Assets.xcassets */,
				D9B17B5D1C8DC73800C9DD93 /* LaunchScreen.storyboard */,
				D9B17B601C8DC73800C9DD93 /* Info.plist */,
				D9B17B4F1C8DC73800C9DD93 /* Supporting Files */,
			);
			path = BigButtonDemo;
			sourceTree = "<group>";
		};
		D9B17B4F1C8DC73800C9DD93 /* Supporting Files */ = {
			isa = PBXGroup;
			children = (
				D9B17B501C8DC73800C9DD93 /* main.m */,
			);
			name = "Supporting Files";
			sourceTree = "<group>";
		};
		D9B17B681C8DC73800C9DD93 /* BigButtonDemoTests */ = {
			isa = PBXGroup;
			children = (
				D9B17B691C8DC73800C9DD93 /* BigButtonDemoTests.m */,
				D9B17B6B1C8DC73800C9DD93 /* Info.plist */,
			);
			path = BigButtonDemoTests;
			sourceTree = "<group>";
		};
		D9B17B731C8DC73800C9DD93 /* BigButtonDemoUITests */ = {
			isa = PBXGroup;
			children = (
				D9B17B741C8DC73800C9DD93 /* BigButtonDemoUITests.m */,
				D9B17B761C8DC73800C9DD93 /* Info.plist */,
			);
			path = BigButtonDemoUITests;
			sourceTree = "<group>";
		};
/* End PBXGroup section */

/* Begin PBXNativeTarget section */
		D9B17B4B1C8DC73800C9DD93 /* BigButtonDemo */ = {
			isa = PBXNativeTarget;
			buildConfigurationList = D9B17B791C8DC73800C9DD93 /* Build configuration list for PBXNativeTarget "BigButtonDemo" */;
			buildPhases = (
				D9B17B481C8DC73800C9DD93 /* Sources */,
				D9B17B491C8DC73800C9DD93 /* Frameworks */,
				D9B17B4A1C8DC73800C9DD93 /* Resources */,
			);
			buildRules = (
			);
			dependencies = (
			);
			name = BigButtonDemo;
			productName = BigButtonDemo;
			productReference = D9B17B4C1C8DC73800C9DD93 /* BigButtonDemo.app */;
			productType = "com.apple.product-type.application";
		};
		D9B17B641C8DC73800C9DD93 /* BigButtonDemoTests */ = {
			isa = PBXNativeTarget;
			buildConfigurationList = D9B17B7C1C8DC73800C9DD93 /* Build configuration list for PBXNativeTarget "BigButtonDemoTests" */;
			buildPhases = (
				D9B17B611C8DC73800C9DD93 /* Sources */,
				D9B17B621C8DC73800C9DD93 /* Frameworks */,
				D9B17B631C8DC73800C9DD93 /* Resources */,
			);
			buildRules = (
			);
			dependencies = (
				D9B17B671C8DC73800C9DD93 /* PBXTargetDependency */,
			);
			name = BigButtonDemoTests;
			productName = BigButtonDemoTests;
			productReference = D9B17B651C8DC73800C9DD93 /* BigButtonDemoTests.xctest */;
			productType = "com.apple.product-type.bundle.unit-test";
		};
		D9B17B6F1C8DC73800C9DD93 /* BigButtonDemoUITests */ = {
			isa = PBXNativeTarget;
			buildConfigurationList = D9B17B7F1C8DC73800C9DD93 /* Build configuration list for PBXNativeTarget "BigButtonDemoUITests" */;
			buildPhases = (
				D9B17B6C1C8DC73800C9DD93 /* Sources */,
				D9B17B6D1C8DC73800C9DD93 /* Frameworks */,
				D9B17B6E1C8DC73800C9DD93 /* Resources */,
			);
			buildRules = (
			);
			dependencies = (
				D9B17B721C8DC73800C9DD93 /* PBXTargetDependency */,
			);
			name = BigButtonDemoUITests;
			productName = BigButtonDemoUITests;
			productReference = D9B17B701C8DC73800C9DD93 /* BigButtonDemoUITests.xctest */;
			productType = "com.apple.product-type.bundle.ui-testing";
		};
/* End PBXNativeTarget section */

/* Begin PBXProject section */
		D9B17B441C8DC73800C9DD93 /* Project object */ = {
			isa = PBXProject;
			attributes = {
				LastUpgradeCheck = 0720;
				ORGANIZATIONNAME = "周兴";
				TargetAttributes = {
					D9B17B4B1C8DC73800C9DD93 = {
						CreatedOnToolsVersion = 7.2;
						DevelopmentTeam = Z5Z8637SP3;
					};
					D9B17B641C8DC73800C9DD93 = {
						CreatedOnToolsVersion = 7.2;
						DevelopmentTeam = Z5Z8637SP3;
						TestTargetID = D9B17B4B1C8DC73800C9DD93;
					};
					D9B17B6F1C8DC73800C9DD93 = {
						CreatedOnToolsVersion = 7.2;
						DevelopmentTeam = Z5Z8637SP3;
						TestTargetID = D9B17B4B1C8DC73800C9DD93;
					};
				};
			};
			buildConfigurationList = D9B17B471C8DC73800C9DD93 /* Build configuration list for PBXProject "BigButtonDemo" */;
			compatibilityVersion = "Xcode 3.2";
			developmentRegion = English;
			hasScannedForEncodings = 0;
			knownRegions = (
				en,
				Base,
			);
			mainGroup = D9B17B431C8DC73800C9DD93;
			productRefGroup = D9B17B4D1C8DC73800C9DD93 /* Products */;
			projectDirPath = "";
			projectRoot = "";
			targets = (
				D9B17B4B1C8DC73800C9DD93 /* BigButtonDemo */,
				D9B17B641C8DC73800C9DD93 /* BigButtonDemoTests */,
				D9B17B6F1C8DC73800C9DD93 /* BigButtonDemoUITests */,
			);
		};
/* End PBXProject section */

/* Begin PBXResourcesBuildPhase section */
		D9B17B4A1C8DC73800C9DD93 /* Resources */ = {
			isa = PBXResourcesBuildPhase;
			buildActionMask = 2147483647;
			files = (
				D9B17B5F1C8DC73800C9DD93 /* LaunchScreen.storyboard in Resources */,
				D9B17B5C1C8DC73800C9DD93 /* Assets.xcassets in Resources */,
				D9B17B5A1C8DC73800C9DD93 /* Main.storyboard in Resources */,
			);
			runOnlyForDeploymentPostprocessing = 0;
		};
		D9B17B631C8DC73800C9DD93 /* Resources */ = {
			isa = PBXResourcesBuildPhase;
			buildActionMask = 2147483647;
			files = (
			);
			runOnlyForDeploymentPostprocessing = 0;
		};
		D9B17B6E1C8DC73800C9DD93 /* Resources */ = {
			isa = PBXResourcesBuildPhase;
			buildActionMask = 2147483647;
			files = (
			);
			runOnlyForDeploymentPostprocessing = 0;
		};
/* End PBXResourcesBuildPhase section */

/* Begin PBXSourcesBuildPhase section */
		D9B17B481C8DC73800C9DD93 /* Sources */ = {
			isa = PBXSourcesBuildPhase;
			buildActionMask = 2147483647;
			files = (
				D9B17B571C8DC73800C9DD93 /* ViewController.m in Sources */,
				D9B17B541C8DC73800C9DD93 /* AppDelegate.m in Sources */,
				D9B17B511C8DC73800C9DD93 /* main.m in Sources */,
			);
			runOnlyForDeploymentPostprocessing = 0;
		};
		D9B17B611C8DC73800C9DD93 /* Sources */ = {
			isa = PBXSourcesBuildPhase;
			buildActionMask = 2147483647;
			files = (
				D9B17B6A1C8DC73800C9DD93 /* BigButtonDemoTests.m in Sources */,
			);
			runOnlyForDeploymentPostprocessing = 0;
		};
		D9B17B6C1C8DC73800C9DD93 /* Sources */ = {
			isa = PBXSourcesBuildPhase;
			buildActionMask = 2147483647;
			files = (
				D9B17B751C8DC73800C9DD93 /* BigButtonDemoUITests.m in Sources */,
			);
			runOnlyForDeploymentPostprocessing = 0;
		};
/* End PBXSourcesBuildPhase section */

/* Begin PBXTargetDependency section */
		D9B17B671C8DC73800C9DD93 /* PBXTargetDependency */ = {
			isa = PBXTargetDependency;
			target = D9B17B4B1C8DC73800C9DD93 /* BigButtonDemo */;
			targetProxy = D9B17B661C8DC73800C9DD93 /* PBXContainerItemProxy */;
		};
		D9B17B721C8DC73800C9DD93 /* PBXTargetDependency */ = {
			isa = PBXTargetDependency;
			target = D9B17B4B1C8DC73800C9DD93 /* BigButtonDemo */;
			targetProxy = D9B17B711C8DC73800C9DD93 /* PBXContainerItemProxy */;
		};
/* End PBXTargetDependency section */

/* Begin PBXVariantGroup section */
		D9B17B581C8DC73800C9DD93 /* Main.storyboard */ = {
			isa = PBXVariantGroup;
			children = (
				D9B17B591C8DC73800C9DD93 /* Base */,
			);
			name = Main.storyboard;
			sourceTree = "<group>";
		};
		D9B17B5D1C8DC73800C9DD93 /* LaunchScreen.storyboard */ = {
			isa = PBXVariantGroup;
			children = (
				D9B17B5E1C8DC73800C9DD93 /* Base */,
			);
			name = LaunchScreen.storyboard;
			sourceTree = "<group>";
		};
/* End PBXVariantGroup section */

/* Begin XCBuildConfiguration section */
		D9B17B771C8DC73800C9DD93 /* Debug */ = {
			isa = XCBuildConfiguration;
			buildSettings = {
				ALWAYS_SEARCH_USER_PATHS = NO;
				CLANG_CXX_LANGUAGE_STANDARD = "gnu++0x";
				CLANG_CXX_LIBRARY = "libc++";
				CLANG_ENABLE_MODULES = YES;
				CLANG_ENABLE_OBJC_ARC = YES;
				CLANG_WARN_BOOL_CONVERSION = YES;
				CLANG_WARN_CONSTANT_CONVERSION = YES;
				CLANG_WARN_DIRECT_OBJC_ISA_USAGE = YES_ERROR;
				CLANG_WARN_EMPTY_BODY = YES;
				CLANG_WARN_ENUM_CONVERSION = YES;
				CLANG_WARN_INT_CONVERSION = YES;
				CLANG_WARN_OBJC_ROOT_CLASS = YES_ERROR;
				CLANG_WARN_UNREACHABLE_CODE = YES;
				CLANG_WARN__DUPLICATE_METHOD_MATCH = YES;
				"CODE_SIGN_IDENTITY[sdk=iphoneos*]" = "iPhone Developer";
				COPY_PHASE_STRIP = NO;
				DEBUG_INFORMATION_FORMAT = dwarf;
				ENABLE_STRICT_OBJC_MSGSEND = YES;
				ENABLE_TESTABILITY = YES;
				GCC_C_LANGUAGE_STANDARD = gnu99;
				GCC_DYNAMIC_NO_PIC = NO;
				GCC_NO_COMMON_BLOCKS = YES;
				GCC_OPTIMIZATION_LEVEL = 0;
				GCC_PREPROCESSOR_DEFINITIONS = (
					"DEBUG=1",
					"$(inherited)",
				);
				GCC_WARN_64_TO_32_BIT_CONVERSION = YES;
				GCC_WARN_ABOUT_RETURN_TYPE = YES_ERROR;
				GCC_WARN_UNDECLARED_SELECTOR = YES;
				GCC_WARN_UNINITIALIZED_AUTOS = YES_AGGRESSIVE;
				GCC_WARN_UNUSED_FUNCTION = YES;
				GCC_WARN_UNUSED_VARIABLE = YES;
				IPHONEOS_DEPLOYMENT_TARGET = 9.2;
				MTL_ENABLE_DEBUG_INFO = YES;
				ONLY_ACTIVE_ARCH = YES;
				SDKROOT = iphoneos;
				TARGETED_DEVICE_FAMILY = "1,2";
			};
			name = Debug;
		};
		D9B17B781C8DC73800C9DD93 /* Release */ = {
			isa = XCBuildConfiguration;
			buildSettings = {
				ALWAYS_SEARCH_USER_PATHS = NO;
				CLANG_CXX_LANGUAGE_STANDARD = "gnu++0x";
				CLANG_CXX_LIBRARY = "libc++";
				CLANG_ENABLE_MODULES = YES;
				CLANG_ENABLE_OBJC_ARC = YES;
				CLANG_WARN_BOOL_CONVERSION = YES;
				CLANG_WARN_CONSTANT_CONVERSION = YES;
				CLANG_WARN_DIRECT_OBJC_ISA_USAGE = YES_ERROR;
				CLANG_WARN_EMPTY_BODY = YES;
				CLANG_WARN_ENUM_CONVERSION = YES;
				CLANG_WARN_INT_CONVERSION = YES;
				CLANG_WARN_OBJC_ROOT_CLASS = YES_ERROR;
				CLANG_WARN_UNREACHABLE_CODE = YES;
				CLANG_WARN__DUPLICATE_METHOD_MATCH = YES;
				"CODE_SIGN_IDENTITY[sdk=iphoneos*]" = "iPhone Developer";
				COPY_PHASE_STRIP = NO;
				DEBUG_INFORMATION_FORMAT = "dwarf-with-dsym";
				ENABLE_NS_ASSERTIONS = NO;
				ENABLE_STRICT_OBJC_MSGSEND = YES;
				GCC_C_LANGUAGE_STANDARD = gnu99;
				GCC_NO_COMMON_BLOCKS = YES;
				GCC_WARN_64_TO_32_BIT_CONVERSION = YES;
				GCC_WARN_ABOUT_RETURN_TYPE = YES_ERROR;
				GCC_WARN_UNDECLARED_SELECTOR = YES;
				GCC_WARN_UNINITIALIZED_AUTOS = YES_AGGRESSIVE;
				GCC_WARN_UNUSED_FUNCTION = YES;
				GCC_WARN_UNUSED_VARIABLE = YES;
				IPHONEOS_DEPLOYMENT_TARGET = 9.2;
				MTL_ENABLE_DEBUG_INFO = NO;
				SDKROOT = iphoneos;
				TARGETED_DEVICE_FAMILY = "1,2";
				VALIDATE_PRODUCT = YES;
			};
			name = Release;
		};
		D9B17B7A1C8DC73800C9DD93 /* Debug */ = {
			isa = XCBuildConfiguration;
			buildSettings = {
				ASSETCATALOG_COMPILER_APPICON_NAME = AppIcon;
				INFOPLIST_FILE = BigButtonDemo/Info.plist;
				LD_RUNPATH_SEARCH_PATHS = "$(inherited) @executable_path/Frameworks";
				PRODUCT_BUNDLE_IDENTIFIER = com.renrun.zhouxing.BigButtonDemo;
				PRODUCT_NAME = "$(TARGET_NAME)";
			};
			name = Debug;
		};
		D9B17B7B1C8DC73800C9DD93 /* Release */ = {
			isa = XCBuildConfiguration;
			buildSettings = {
				ASSETCATALOG_COMPILER_APPICON_NAME = AppIcon;
				INFOPLIST_FILE = BigButtonDemo/Info.plist;
				LD_RUNPATH_SEARCH_PATHS = "$(inherited) @executable_path/Frameworks";
				PRODUCT_BUNDLE_IDENTIFIER = com.renrun.zhouxing.BigButtonDemo;
				PRODUCT_NAME = "$(TARGET_NAME)";
			};
			name = Release;
		};
		D9B17B7D1C8DC73800C9DD93 /* Debug */ = {
			isa = XCBuildConfiguration;
			buildSettings = {
				BUNDLE_LOADER = "$(TEST_HOST)";
				INFOPLIST_FILE = BigButtonDemoTests/Info.plist;
				LD_RUNPATH_SEARCH_PATHS = "$(inherited) @executable_path/Frameworks @loader_path/Frameworks";
				PRODUCT_BUNDLE_IDENTIFIER = com.renrun.zhouxing.BigButtonDemoTests;
				PRODUCT_NAME = "$(TARGET_NAME)";
				TEST_HOST = "$(BUILT_PRODUCTS_DIR)/BigButtonDemo.app/BigButtonDemo";
			};
			name = Debug;
		};
		D9B17B7E1C8DC73800C9DD93 /* Release */ = {
			isa = XCBuildConfiguration;
			buildSettings = {
				BUNDLE_LOADER = "$(TEST_HOST)";
				INFOPLIST_FILE = BigButtonDemoTests/Info.plist;
				LD_RUNPATH_SEARCH_PATHS = "$(inherited) @executable_path/Frameworks @loader_path/Frameworks";
				PRODUCT_BUNDLE_IDENTIFIER = com.renrun.zhouxing.BigButtonDemoTests;
				PRODUCT_NAME = "$(TARGET_NAME)";
				TEST_HOST = "$(BUILT_PRODUCTS_DIR)/BigButtonDemo.app/BigButtonDemo";
			};
			name = Release;
		};
		D9B17B801C8DC73800C9DD93 /* Debug */ = {
			isa = XCBuildConfiguration;
			buildSettings = {
				INFOPLIST_FILE = BigButtonDemoUITests/Info.plist;
				LD_RUNPATH_SEARCH_PATHS = "$(inherited) @executable_path/Frameworks @loader_path/Frameworks";
				PRODUCT_BUNDLE_IDENTIFIER = com.renrun.zhouxing.BigButtonDemoUITests;
				PRODUCT_NAME = "$(TARGET_NAME)";
				TEST_TARGET_NAME = BigButtonDemo;
				USES_XCTRUNNER = YES;
			};
			name = Debug;
		};
		D9B17B811C8DC73800C9DD93 /* Release */ = {
			isa = XCBuildConfiguration;
			buildSettings = {
				INFOPLIST_FILE = BigButtonDemoUITests/Info.plist;
				LD_RUNPATH_SEARCH_PATHS = "$(inherited) @executable_path/Frameworks @loader_path/Frameworks";
				PRODUCT_BUNDLE_IDENTIFIER = com.renrun.zhouxing.BigButtonDemoUITests;
				PRODUCT_NAME = "$(TARGET_NAME)";
				TEST_TARGET_NAME = BigButtonDemo;
				USES_XCTRUNNER = YES;
			};
			name = Release;
		};
/* End XCBuildConfiguration section */

/* Begin XCConfigurationList section */
		D9B17B471C8DC73800C9DD93 /* Build configuration list for PBXProject "BigButtonDemo" */ = {
			isa = XCConfigurationList;
			buildConfigurations = (
				D9B17B771C8DC73800C9DD93 /* Debug */,
				D9B17B781C8DC73800C9DD93 /* Release */,
			);
			defaultConfigurationIsVisible = 0;
			defaultConfigurationName = Release;
		};
		D9B17B791C8DC73800C9DD93 /* Build configuration list for PBXNativeTarget "BigButtonDemo" */ = {
			isa = XCConfigurationList;
			buildConfigurations = (
				D9B17B7A1C8DC73800C9DD93 /* Debug */,
				D9B17B7B1C8DC73800C9DD93 /* Release */,
			);
			defaultConfigurationIsVisible = 0;
		};
		D9B17B7C1C8DC73800C9DD93 /* Build configuration list for PBXNativeTarget "BigButtonDemoTests" */ = {
			isa = XCConfigurationList;
			buildConfigurations = (
				D9B17B7D1C8DC73800C9DD93 /* Debug */,
				D9B17B7E1C8DC73800C9DD93 /* Release */,
			);
			defaultConfigurationIsVisible = 0;
		};
		D9B17B7F1C8DC73800C9DD93 /* Build configuration list for PBXNativeTarget "BigButtonDemoUITests" */ = {
			isa = XCConfigurationList;
			buildConfigurations = (
				D9B17B801C8DC73800C9DD93 /* Debug */,
				D9B17B811C8DC73800C9DD93 /* Release */,
			);
			defaultConfigurationIsVisible = 0;
		};
/* End XCConfigurationList section */
	};
	rootObject = D9B17B441C8DC73800C9DD93 /* Project object */;
}
